// !$*UTF8*$!
{
	archiveVersion = 1;
	classes = {
	};
	objectVersion = 50;
	objects = {

/* Begin PBXBuildFile section */
		61CEC2C623B111F00078BD9E /* AppDelegate.swift in Sources */ = {isa = PBXBuildFile; fileRef = 61CEC2C523B111F00078BD9E /* AppDelegate.swift */; };
		61CEC2C823B111F00078BD9E /* ViewController.swift in Sources */ = {isa = PBXBuildFile; fileRef = 61CEC2C723B111F00078BD9E /* ViewController.swift */; };
		61CEC2CB23B111F00078BD9E /* Main.storyboard in Resources */ = {isa = PBXBuildFile; fileRef = 61CEC2C923B111F00078BD9E /* Main.storyboard */; };
		61CEC2CE23B111F00078BD9E /* EFB.xcdatamodeld in Sources */ = {isa = PBXBuildFile; fileRef = 61CEC2CC23B111F00078BD9E /* EFB.xcdatamodeld */; };
		61CEC2D023B111FE0078BD9E /* Assets.xcassets in Resources */ = {isa = PBXBuildFile; fileRef = 61CEC2CF23B111FE0078BD9E /* Assets.xcassets */; };
		61CEC2D323B111FE0078BD9E /* LaunchScreen.storyboard in Resources */ = {isa = PBXBuildFile; fileRef = 61CEC2D123B111FE0078BD9E /* LaunchScreen.storyboard */; };
/* End PBXBuildFile section */

/* Begin PBXFileReference section */
		61CEC2C223B111F00078BD9E /* EFB.app */ = {isa = PBXFileReference; explicitFileType = wrapper.application; includeInIndex = 0; path = EFB.app; sourceTree = BUILT_PRODUCTS_DIR; };
		61CEC2C523B111F00078BD9E /* AppDelegate.swift */ = {isa = PBXFileReference; lastKnownFileType = sourcecode.swift; path = AppDelegate.swift; sourceTree = "<group>"; };
		61CEC2C723B111F00078BD9E /* ViewController.swift */ = {isa = PBXFileReference; lastKnownFileType = sourcecode.swift; path = ViewController.swift; sourceTree = "<group>"; };
		61CEC2CA23B111F00078BD9E /* Base */ = {isa = PBXFileReference; lastKnownFileType = file.storyboard; name = Base; path = Base.lproj/Main.storyboard; sourceTree = "<group>"; };
		61CEC2CD23B111F00078BD9E /* EFB.xcdatamodel */ = {isa = PBXFileReference; lastKnownFileType = wrapper.xcdatamodel; path = EFB.xcdatamodel; sourceTree = "<group>"; };
		61CEC2CF23B111FE0078BD9E /* Assets.xcassets */ = {isa = PBXFileReference; lastKnownFileType = folder.assetcatalog; path = Assets.xcassets; sourceTree = "<group>"; };
		61CEC2D223B111FE0078BD9E /* Base */ = {isa = PBXFileReference; lastKnownFileType = file.storyboard; name = Base; path = Base.lproj/LaunchScreen.storyboard; sourceTree = "<group>"; };
		61CEC2D423B111FE0078BD9E /* Info.plist */ = {isa = PBXFileReference; lastKnownFileType = text.plist.xml; path = Info.plist; sourceTree = "<group>"; };
/* End PBXFileReference section */

/* Begin PBXFrameworksBuildPhase section */
		61CEC2BF23B111F00078BD9E /* Frameworks */ = {
			isa = PBXFrameworksBuildPhase;
			buildActionMask = 2147483647;
			files = (
			);
			runOnlyForDeploymentPostprocessing = 0;
		};
/* End PBXFrameworksBuildPhase section */

/* Begin PBXGroup section */
		61CEC2B923B111F00078BD9E = {
			isa = PBXGroup;
			children = (
				61CEC2C423B111F00078BD9E /* EFB */,
				61CEC2C323B111F00078BD9E /* Products */,
			);
			sourceTree = "<group>";
		};
		61CEC2C323B111F00078BD9E /* Products */ = {
			isa = PBXGroup;
			children = (
				61CEC2C223B111F00078BD9E /* EFB.app */,
			);
			name = Products;
			sourceTree = "<group>";
		};
		61CEC2C423B111F00078BD9E /* EFB */ = {
			isa = PBXGroup;
			children = (
				61CEC2C523B111F00078BD9E /* AppDelegate.swift */,
				61CEC2C723B111F00078BD9E /* ViewController.swift */,
				61CEC2C923B111F00078BD9E /* Main.storyboard */,
				61CEC2CF23B111FE0078BD9E /* Assets.xcassets */,
				61CEC2D123B111FE0078BD9E /* LaunchScreen.storyboard */,
				61CEC2D423B111FE0078BD9E /* Info.plist */,
				61CEC2CC23B111F00078BD9E /* EFB.xcdatamodeld */,
			);
			path = EFB;
			sourceTree = "<group>";
		};
/* End PBXGroup section */

/* Begin PBXNativeTarget section */
		61CEC2C123B111F00078BD9E /* EFB */ = {
			isa = PBXNativeTarget;
			buildConfigurationList = 61CEC2D723B111FE0078BD9E /* Build configuration list for PBXNativeTarget "EFB" */;
			buildPhases = (
				61CEC2BE23B111F00078BD9E /* Sources */,
				61CEC2BF23B111F00078BD9E /* Frameworks */,
				61CEC2C023B111F00078BD9E /* Resources */,
			);
			buildRules = (
			);
			dependencies = (
			);
			name = EFB;
			productName = EFB;
			productReference = 61CEC2C223B111F00078BD9E /* EFB.app */;
			productType = "com.apple.product-type.application";
		};
/* End PBXNativeTarget section */

/* Begin PBXProject section */
		61CEC2BA23B111F00078BD9E /* Project object */ = {
			isa = PBXProject;
			attributes = {
				LastSwiftUpdateCheck = 1010;
				LastUpgradeCheck = 1010;
				ORGANIZATIONNAME = "Olasunkanmi Taiwo";
				TargetAttributes = {
					61CEC2C123B111F00078BD9E = {
						CreatedOnToolsVersion = 10.1;
					};
				};
			};
			buildConfigurationList = 61CEC2BD23B111F00078BD9E /* Build configuration list for PBXProject "EFB" */;
			compatibilityVersion = "Xcode 9.3";
			developmentRegion = en;
			hasScannedForEncodings = 0;
			knownRegions = (
				en,
				Base,
			);
			mainGroup = 61CEC2B923B111F00078BD9E;
			productRefGroup = 61CEC2C323B111F00078BD9E /* Products */;
			projectDirPath = "";
			projectRoot = "";
			targets = (
				61CEC2C123B111F00078BD9E /* EFB */,
			);
		};
/* End PBXProject section */

/* Begin PBXResourcesBuildPhase section */
		61CEC2C023B111F00078BD9E /* Resources */ = {
			isa = PBXResourcesBuildPhase;
			buildActionMask = 2147483647;
			files = (
				61CEC2D323B111FE0078BD9E /* LaunchScreen.storyboard in Resources */,
				61CEC2D023B111FE0078BD9E /* Assets.xcassets in Resources */,
				61CEC2CB23B111F00078BD9E /* Main.storyboard in Resources */,
			);
			runOnlyForDeploymentPostprocessing = 0;
		};
/* End PBXResourcesBuildPhase section */

/* Begin PBXSourcesBuildPhase section */
		61CEC2BE23B111F00078BD9E /* Sources */ = {
			isa = PBXSourcesBuildPhase;
			buildActionMask = 2147483647;
			files = (
				61CEC2CE23B111F00078BD9E /* EFB.xcdatamodeld in Sources */,
				61CEC2C823B111F00078BD9E /* ViewController.swift in Sources */,
				61CEC2C623B111F00078BD9E /* AppDelegate.swift in Sources */,
			);
			runOnlyForDeploymentPostprocessing = 0;
		};
/* End PBXSourcesBuildPhase section */

/* Begin PBXVariantGroup section */
		61CEC2C923B111F00078BD9E /* Main.storyboard */ = {
			isa = PBXVariantGroup;
			children = (
				61CEC2CA23B111F00078BD9E /* Base */,
			);
			name = Main.storyboard;
			sourceTree = "<group>";
		};
		61CEC2D123B111FE0078BD9E /* LaunchScreen.storyboard */ = {
			isa = PBXVariantGroup;
			children = (
				61CEC2D223B111FE0078BD9E /* Base */,
			);
			name = LaunchScreen.storyboard;
			sourceTree = "<group>";
		};
/* End PBXVariantGroup section */

/* Begin XCBuildConfiguration section */
		61CEC2D523B111FE0078BD9E /* Debug */ = {
			isa = XCBuildConfiguration;
			buildSettings = {
				ALWAYS_SEARCH_USER_PATHS = NO;
				CLANG_ANALYZER_NONNULL = YES;
				CLANG_ANALYZER_NUMBER_OBJECT_CONVERSION = YES_AGGRESSIVE;
				CLANG_CXX_LANGUAGE_STANDARD = "gnu++14";
				CLANG_CXX_LIBRARY = "libc++";
				CLANG_ENABLE_MODULES = YES;
				CLANG_ENABLE_OBJC_ARC = YES;
				CLANG_ENABLE_OBJC_WEAK = YES;
				CLANG_WARN_BLOCK_CAPTURE_AUTORELEASING = YES;
				CLANG_WARN_BOOL_CONVERSION = YES;
				CLANG_WARN_COMMA = YES;
				CLANG_WARN_CONSTANT_CONVERSION = YES;
				CLANG_WARN_DEPRECATED_OBJC_IMPLEMENTATIONS = YES;
				CLANG_WARN_DIRECT_OBJC_ISA_USAGE = YES_ERROR;
				CLANG_WARN_DOCUMENTATION_COMMENTS = YES;
				CLANG_WARN_EMPTY_BODY = YES;
				CLANG_WARN_ENUM_CONVERSION = YES;
				CLANG_WARN_INFINITE_RECURSION = YES;
				CLANG_WARN_INT_CONVERSION = YES;
				CLANG_WARN_NON_LITERAL_NULL_CONVERSION = YES;
				CLANG_WARN_OBJC_IMPLICIT_RETAIN_SELF = YES;
				CLANG_WARN_OBJC_LITERAL_CONVERSION = YES;
				CLANG_WARN_OBJC_ROOT_CLASS = YES_ERROR;
				CLANG_WARN_RANGE_LOOP_ANALYSIS = YES;
				CLANG_WARN_STRICT_PROTOTYPES = YES;
				CLANG_WARN_SUSPICIOUS_MOVE = YES;
				CLANG_WARN_UNGUARDED_AVAILABILITY = YES_AGGRESSIVE;
				CLANG_WARN_UNREACHABLE_CODE = YES;
				CLANG_WARN__DUPLICATE_METHOD_MATCH = YES;
				CODE_SIGN_IDENTITY = "iPhone Developer";
				COPY_PHASE_STRIP = NO;
				DEBUG_INFORMATION_FORMAT = dwarf;
				ENABLE_STRICT_OBJC_MSGSEND = YES;
				ENABLE_TESTABILITY = YES;
				GCC_C_LANGUAGE_STANDARD = gnu11;
				GCC_DYNAMIC_NO_PIC = NO;
				GCC_NO_COMMON_BLOCKS = YES;
				GCC_OPTIMIZATION_LEVEL = 0;
				GCC_PREPROCESSOR_DEFINITIONS = (
					"DEBUG=1",
					"$(inherited)",
				);
				GCC_WARN_64_TO_32_BIT_CONVERSION = YES;
				GCC_WARN_ABOUT_RETURN_TYPE = YES_ERROR;
				GCC_WARN_UNDECLARED_SELECTOR = YES;
				GCC_WARN_UNINITIALIZED_AUTOS = YES_AGGRESSIVE;
				GCC_WARN_UNUSED_FUNCTION = YES;
				GCC_WARN_UNUSED_VARIABLE = YES;
				IPHONEOS_DEPLOYMENT_TARGET = 12.1;
				MTL_ENABLE_DEBUG_INFO = INCLUDE_SOURCE;
				MTL_FAST_MATH = YES;
				ONLY_ACTIVE_ARCH = YES;
				SDKROOT = iphoneos;
				SWIFT_ACTIVE_COMPILATION_CONDITIONS = DEBUG;
				SWIFT_OPTIMIZATION_LEVEL = "-Onone";
			};
			name = Debug;
		};
		61CEC2D623B111FE0078BD9E /* Release */ = {
			isa = XCBuildConfiguration;
			buildSettings = {
				ALWAYS_SEARCH_USER_PATHS = NO;
				CLANG_ANALYZER_NONNULL = YES;
				CLANG_ANALYZER_NUMBER_OBJECT_CONVERSION = YES_AGGRESSIVE;
				CLANG_CXX_LANGUAGE_STANDARD = "gnu++14";
				CLANG_CXX_LIBRARY = "libc++";
				CLANG_ENABLE_MODULES = YES;
				CLANG_ENABLE_OBJC_ARC = YES;
				CLANG_ENABLE_OBJC_WEAK = YES;
				CLANG_WARN_BLOCK_CAPTURE_AUTORELEASING = YES;
				CLANG_WARN_BOOL_CONVERSION = YES;
				CLANG_WARN_COMMA = YES;
				CLANG_WARN_CONSTANT_CONVERSION = YES;
				CLANG_WARN_DEPRECATED_OBJC_IMPLEMENTATIONS = YES;
				CLANG_WARN_DIRECT_OBJC_ISA_USAGE = YES_ERROR;
				CLANG_WARN_DOCUMENTATION_COMMENTS = YES;
				CLANG_WARN_EMPTY_BODY = YES;
				CLANG_WARN_ENUM_CONVERSION = YES;
				CLANG_WARN_INFINITE_RECURSION = YES;
				CLANG_WARN_INT_CONVERSION = YES;
				CLANG_WARN_NON_LITERAL_NULL_CONVERSION = YES;
				CLANG_WARN_OBJC_IMPLICIT_RETAIN_SELF = YES;
				CLANG_WARN_OBJC_LITERAL_CONVERSION = YES;
				CLANG_WARN_OBJC_ROOT_CLASS = YES_ERROR;
				CLANG_WARN_RANGE_LOOP_ANALYSIS = YES;
				CLANG_WARN_STRICT_PROTOTYPES = YES;
				CLANG_WARN_SUSPICIOUS_MOVE = YES;
				CLANG_WARN_UNGUARDED_AVAILABILITY = YES_AGGRESSIVE;
				CLANG_WARN_UNREACHABLE_CODE = YES;
				CLANG_WARN__DUPLICATE_METHOD_MATCH = YES;
				CODE_SIGN_IDENTITY = "iPhone Developer";
				COPY_PHASE_STRIP = NO;
				DEBUG_INFORMATION_FORMAT = "dwarf-with-dsym";
				ENABLE_NS_ASSERTIONS = NO;
				ENABLE_STRICT_OBJC_MSGSEND = YES;
				GCC_C_LANGUAGE_STANDARD = gnu11;
				GCC_NO_COMMON_BLOCKS = YES;
				GCC_WARN_64_TO_32_BIT_CONVERSION = YES;
				GCC_WARN_ABOUT_RETURN_TYPE = YES_ERROR;
				GCC_WARN_UNDECLARED_SELECTOR = YES;
				GCC_WARN_UNINITIALIZED_AUTOS = YES_AGGRESSIVE;
				GCC_WARN_UNUSED_FUNCTION = YES;
				GCC_WARN_UNUSED_VARIABLE = YES;
				IPHONEOS_DEPLOYMENT_TARGET = 12.1;
				MTL_ENABLE_DEBUG_INFO = NO;
				MTL_FAST_MATH = YES;
				SDKROOT = iphoneos;
				SWIFT_COMPILATION_MODE = wholemodule;
				SWIFT_OPTIMIZATION_LEVEL = "-O";
				VALIDATE_PRODUCT = YES;
			};
			name = Release;
		};
		61CEC2D823B111FE0078BD9E /* Debug */ = {
			isa = XCBuildConfiguration;
			buildSettings = {
				ASSETCATALOG_COMPILER_APPICON_NAME = AppIcon;
				CODE_SIGN_STYLE = Automatic;
				INFOPLIST_FILE = EFB/Info.plist;
				LD_RUNPATH_SEARCH_PATHS = (
					"$(inherited)",
					"@executable_path/Frameworks",
				);
				PRODUCT_BUNDLE_IDENTIFIER = com.reed.EFB;
				PRODUCT_NAME = "$(TARGET_NAME)";
				SWIFT_VERSION = 4.2;
				TARGETED_DEVICE_FAMILY = "1,2";
			};
			name = Debug;
		};
		61CEC2D923B111FE0078BD9E /* Release */ = {
			isa = XCBuildConfiguration;
			buildSettings = {
				ASSETCATALOG_COMPILER_APPICON_NAME = AppIcon;
				CODE_SIGN_STYLE = Automatic;
				INFOPLIST_FILE = EFB/Info.plist;
				LD_RUNPATH_SEARCH_PATHS = (
					"$(inherited)",
					"@executable_path/Frameworks",
				);
				PRODUCT_BUNDLE_IDENTIFIER = com.reed.EFB;
				PRODUCT_NAME = "$(TARGET_NAME)";
				SWIFT_VERSION = 4.2;
				TARGETED_DEVICE_FAMILY = "1,2";
			};
			name = Release;
		};
/* End XCBuildConfiguration section */

/* Begin XCConfigurationList section */
		61CEC2BD23B111F00078BD9E /* Build configuration list for PBXProject "EFB" */ = {
			isa = XCConfigurationList;
			buildConfigurations = (
				61CEC2D523B111FE0078BD9E /* Debug */,
				61CEC2D623B111FE0078BD9E /* Release */,
			);
			defaultConfigurationIsVisible = 0;
			defaultConfigurationName = Release;
		};
		61CEC2D723B111FE0078BD9E /* Build configuration list for PBXNativeTarget "EFB" */ = {
			isa = XCConfigurationList;
			buildConfigurations = (
				61CEC2D823B111FE0078BD9E /* Debug */,
				61CEC2D923B111FE0078BD9E /* Release */,
			);
			defaultConfigurationIsVisible = 0;
			defaultConfigurationName = Release;
		};
/* End XCConfigurationList section */

/* Begin XCVersionGroup section */
		61CEC2CC23B111F00078BD9E /* EFB.xcdatamodeld */ = {
			isa = XCVersionGroup;
			children = (
				61CEC2CD23B111F00078BD9E /* EFB.xcdatamodel */,
			);
			currentVersion = 61CEC2CD23B111F00078BD9E /* EFB.xcdatamodel */;
			path = EFB.xcdatamodeld;
			sourceTree = "<group>";
			versionGroupType = wrapper.xcdatamodel;
		};
/* End XCVersionGroup section */
	};
	rootObject = 61CEC2BA23B111F00078BD9E /* Project object */;
}
